
Microsoft Visual Studio Solution File, Format Version 12.00
# Visual Studio Version 17
VisualStudioVersion = 17.8.34330.188
MinimumVisualStudioVersion = 10.0.40219.1
Project("{9A19103F-16F7-4668-BE54-9A1E7A4F7556}") = "TangyWebServer", "TangyWebServer\TangyWebServer.csproj", "{75D60BBE-5F67-4F43-B621-E6241C23F076}"
EndProject
Project("{9A19103F-16F7-4668-BE54-9A1E7A4F7556}") = "Tangy.Models", "Tangy.Models\Tangy.Models.csproj", "{134D15E2-7900-4FAC-8005-39BB29DD1F54}"
EndProject
Global
	GlobalSection(SolutionConfigurationPlatforms) = preSolution
		Debug|Any CPU = Debug|Any CPU
		Release|Any CPU = Release|Any CPU
	EndGlobalSection
	GlobalSection(ProjectConfigurationPlatforms) = postSolution
		{75D60BBE-5F67-4F43-B621-E6241C23F076}.Debug|Any CPU.ActiveCfg = Debug|Any CPU
		{75D60BBE-5F67-4F43-B621-E6241C23F076}.Debug|Any CPU.Build.0 = Debug|Any CPU
		{75D60BBE-5F67-4F43-B621-E6241C23F076}.Release|Any CPU.ActiveCfg = Release|Any CPU
		{75D60BBE-5F67-4F43-B621-E6241C23F076}.Release|Any CPU.Build.0 = Release|Any CPU
		{134D15E2-7900-4FAC-8005-39BB29DD1F54}.Debug|Any CPU.ActiveCfg = Debug|Any CPU
		{134D15E2-7900-4FAC-8005-39BB29DD1F54}.Debug|Any CPU.Build.0 = Debug|Any CPU
		{134D15E2-7900-4FAC-8005-39BB29DD1F54}.Release|Any CPU.ActiveCfg = Release|Any CPU
		{134D15E2-7900-4FAC-8005-39BB29DD1F54}.Release|Any CPU.Build.0 = Release|Any CPU
	EndGlobalSection
	GlobalSection(SolutionProperties) = preSolution
		HideSolutionNode = FALSE
	EndGlobalSection
	GlobalSection(ExtensibilityGlobals) = postSolution
		SolutionGuid = {BB03952D-1756-48D0-8767-AF9EE96F2A67}
	EndGlobalSection
EndGlobal
