
Microsoft Visual Studio Solution File, Format Version 12.00
Project("{FAE04EC0-301F-11D3-BF4B-00C04F79EFBC}") = "RabbitMQ.Producer", "RabbitMQ.Producer\RabbitMQ.Producer.csproj", "{C2ACC50E-86D1-4736-BE72-706828FD1024}"
EndProject
Project("{FAE04EC0-301F-11D3-BF4B-00C04F79EFBC}") = "RabbitMQ.Consumer", "RabbitMQ.Consumer\RabbitMQ.Consumer.csproj", "{24E5CAA6-0B4E-46F4-B9E6-15B2A94839FD}"
EndProject
Project("{2150E333-8FDC-42A3-9474-1A3956D46DE8}") = "BasicProduceConsume", "BasicProduceConsume", "{6220EFBA-D573-47F6-B2F2-59EC8EF0AD99}"
EndProject
Global
	GlobalSection(SolutionConfigurationPlatforms) = preSolution
		Debug|Any CPU = Debug|Any CPU
		Release|Any CPU = Release|Any CPU
	EndGlobalSection
	GlobalSection(ProjectConfigurationPlatforms) = postSolution
		{C2ACC50E-86D1-4736-BE72-706828FD1024}.Debug|Any CPU.ActiveCfg = Debug|Any CPU
		{C2ACC50E-86D1-4736-BE72-706828FD1024}.Debug|Any CPU.Build.0 = Debug|Any CPU
		{C2ACC50E-86D1-4736-BE72-706828FD1024}.Release|Any CPU.ActiveCfg = Release|Any CPU
		{C2ACC50E-86D1-4736-BE72-706828FD1024}.Release|Any CPU.Build.0 = Release|Any CPU
		{24E5CAA6-0B4E-46F4-B9E6-15B2A94839FD}.Debug|Any CPU.ActiveCfg = Debug|Any CPU
		{24E5CAA6-0B4E-46F4-B9E6-15B2A94839FD}.Debug|Any CPU.Build.0 = Debug|Any CPU
		{24E5CAA6-0B4E-46F4-B9E6-15B2A94839FD}.Release|Any CPU.ActiveCfg = Release|Any CPU
		{24E5CAA6-0B4E-46F4-B9E6-15B2A94839FD}.Release|Any CPU.Build.0 = Release|Any CPU
	EndGlobalSection
	GlobalSection(NestedProjects) = preSolution
		{24E5CAA6-0B4E-46F4-B9E6-15B2A94839FD} = {6220EFBA-D573-47F6-B2F2-59EC8EF0AD99}
		{C2ACC50E-86D1-4736-BE72-706828FD1024} = {6220EFBA-D573-47F6-B2F2-59EC8EF0AD99}
	EndGlobalSection
EndGlobal
