
Microsoft Visual Studio Solution File, Format Version 12.00
Project("{FAE04EC0-301F-11D3-BF4B-00C04F79EFBC}") = "MultiTenant.API", "MultiTenant.API\MultiTenant.API.csproj", "{E3D4D75F-7305-4D86-B28E-0B7693B4745F}"
EndProject
Project("{2150E333-8FDC-42A3-9474-1A3956D46DE8}") = "Identity", "Identity", "{9DAAF4DD-4449-4B40-992C-44360F911851}"
EndProject
Project("{2150E333-8FDC-42A3-9474-1A3956D46DE8}") = "Kernel", "Kernel", "{485C4539-9E63-469A-8628-F57FEF9A29CB}"
EndProject
Project("{FAE04EC0-301F-11D3-BF4B-00C04F79EFBC}") = "Identity.Infrastructure", "Identity\Identity.Infrastructure\Identity.Infrastructure.csproj", "{9C15A578-C63C-4001-9B21-3A0E7C009494}"
EndProject
Project("{FAE04EC0-301F-11D3-BF4B-00C04F79EFBC}") = "Identity.Domain", "Identity\Identity.Domain\Identity.Domain.csproj", "{C64529CE-D6F6-47E7-B604-DFF72723E221}"
EndProject
Project("{FAE04EC0-301F-11D3-BF4B-00C04F79EFBC}") = "Identity.Application", "Identity\Identity.Application\Identity.Application.csproj", "{B1906B90-3E29-4C19-95AC-2F6B0FAEFF3D}"
EndProject
Project("{2150E333-8FDC-42A3-9474-1A3956D46DE8}") = "Api", "Api", "{E37069CA-66F8-4D38-B760-770A1855F270}"
EndProject
Project("{FAE04EC0-301F-11D3-BF4B-00C04F79EFBC}") = "Kernel.Application", "Kernel\Kernel.Application\Kernel.Application.csproj", "{9822A26C-A621-4351-BFC8-CD4C7C613DB8}"
EndProject
Project("{FAE04EC0-301F-11D3-BF4B-00C04F79EFBC}") = "Kernel.Infrastructure", "Kernel\Kernel.Infrastructure\Kernel.Infrastructure.csproj", "{6E1EA194-185A-43E6-9223-4E49C6A35377}"
EndProject
Project("{FAE04EC0-301F-11D3-BF4B-00C04F79EFBC}") = "Kernel.Domain", "Kernel\Kernel.Domain\Kernel.Domain.csproj", "{82663548-1ED0-4CE8-BBAE-7C720CC14656}"
EndProject
Project("{FAE04EC0-301F-11D3-BF4B-00C04F79EFBC}") = "Kernel.Api", "Kernel\Kernel.Api\Kernel.Api.csproj", "{1C6E7A41-CB06-4069-8C86-1EE230ECDFE8}"
EndProject
Project("{FAE04EC0-301F-11D3-BF4B-00C04F79EFBC}") = "Identity.Api", "Identity\Identity.Api\Identity.Api.csproj", "{FA2EF670-46EB-4BFD-B527-93B43913B0AD}"
EndProject
Global
	GlobalSection(SolutionConfigurationPlatforms) = preSolution
		Debug|Any CPU = Debug|Any CPU
		Release|Any CPU = Release|Any CPU
	EndGlobalSection
	GlobalSection(ProjectConfigurationPlatforms) = postSolution
		{E3D4D75F-7305-4D86-B28E-0B7693B4745F}.Debug|Any CPU.ActiveCfg = Debug|Any CPU
		{E3D4D75F-7305-4D86-B28E-0B7693B4745F}.Debug|Any CPU.Build.0 = Debug|Any CPU
		{E3D4D75F-7305-4D86-B28E-0B7693B4745F}.Release|Any CPU.ActiveCfg = Release|Any CPU
		{E3D4D75F-7305-4D86-B28E-0B7693B4745F}.Release|Any CPU.Build.0 = Release|Any CPU
		{9C15A578-C63C-4001-9B21-3A0E7C009494}.Debug|Any CPU.ActiveCfg = Debug|Any CPU
		{9C15A578-C63C-4001-9B21-3A0E7C009494}.Debug|Any CPU.Build.0 = Debug|Any CPU
		{9C15A578-C63C-4001-9B21-3A0E7C009494}.Release|Any CPU.ActiveCfg = Release|Any CPU
		{9C15A578-C63C-4001-9B21-3A0E7C009494}.Release|Any CPU.Build.0 = Release|Any CPU
		{C64529CE-D6F6-47E7-B604-DFF72723E221}.Debug|Any CPU.ActiveCfg = Debug|Any CPU
		{C64529CE-D6F6-47E7-B604-DFF72723E221}.Debug|Any CPU.Build.0 = Debug|Any CPU
		{C64529CE-D6F6-47E7-B604-DFF72723E221}.Release|Any CPU.ActiveCfg = Release|Any CPU
		{C64529CE-D6F6-47E7-B604-DFF72723E221}.Release|Any CPU.Build.0 = Release|Any CPU
		{B1906B90-3E29-4C19-95AC-2F6B0FAEFF3D}.Debug|Any CPU.ActiveCfg = Debug|Any CPU
		{B1906B90-3E29-4C19-95AC-2F6B0FAEFF3D}.Debug|Any CPU.Build.0 = Debug|Any CPU
		{B1906B90-3E29-4C19-95AC-2F6B0FAEFF3D}.Release|Any CPU.ActiveCfg = Release|Any CPU
		{B1906B90-3E29-4C19-95AC-2F6B0FAEFF3D}.Release|Any CPU.Build.0 = Release|Any CPU
		{9822A26C-A621-4351-BFC8-CD4C7C613DB8}.Debug|Any CPU.ActiveCfg = Debug|Any CPU
		{9822A26C-A621-4351-BFC8-CD4C7C613DB8}.Debug|Any CPU.Build.0 = Debug|Any CPU
		{9822A26C-A621-4351-BFC8-CD4C7C613DB8}.Release|Any CPU.ActiveCfg = Release|Any CPU
		{9822A26C-A621-4351-BFC8-CD4C7C613DB8}.Release|Any CPU.Build.0 = Release|Any CPU
		{6E1EA194-185A-43E6-9223-4E49C6A35377}.Debug|Any CPU.ActiveCfg = Debug|Any CPU
		{6E1EA194-185A-43E6-9223-4E49C6A35377}.Debug|Any CPU.Build.0 = Debug|Any CPU
		{6E1EA194-185A-43E6-9223-4E49C6A35377}.Release|Any CPU.ActiveCfg = Release|Any CPU
		{6E1EA194-185A-43E6-9223-4E49C6A35377}.Release|Any CPU.Build.0 = Release|Any CPU
		{82663548-1ED0-4CE8-BBAE-7C720CC14656}.Debug|Any CPU.ActiveCfg = Debug|Any CPU
		{82663548-1ED0-4CE8-BBAE-7C720CC14656}.Debug|Any CPU.Build.0 = Debug|Any CPU
		{82663548-1ED0-4CE8-BBAE-7C720CC14656}.Release|Any CPU.ActiveCfg = Release|Any CPU
		{82663548-1ED0-4CE8-BBAE-7C720CC14656}.Release|Any CPU.Build.0 = Release|Any CPU
		{1C6E7A41-CB06-4069-8C86-1EE230ECDFE8}.Debug|Any CPU.ActiveCfg = Debug|Any CPU
		{1C6E7A41-CB06-4069-8C86-1EE230ECDFE8}.Debug|Any CPU.Build.0 = Debug|Any CPU
		{1C6E7A41-CB06-4069-8C86-1EE230ECDFE8}.Release|Any CPU.ActiveCfg = Release|Any CPU
		{1C6E7A41-CB06-4069-8C86-1EE230ECDFE8}.Release|Any CPU.Build.0 = Release|Any CPU
		{FA2EF670-46EB-4BFD-B527-93B43913B0AD}.Debug|Any CPU.ActiveCfg = Debug|Any CPU
		{FA2EF670-46EB-4BFD-B527-93B43913B0AD}.Debug|Any CPU.Build.0 = Debug|Any CPU
		{FA2EF670-46EB-4BFD-B527-93B43913B0AD}.Release|Any CPU.ActiveCfg = Release|Any CPU
		{FA2EF670-46EB-4BFD-B527-93B43913B0AD}.Release|Any CPU.Build.0 = Release|Any CPU
	EndGlobalSection
	GlobalSection(NestedProjects) = preSolution
		{9C15A578-C63C-4001-9B21-3A0E7C009494} = {9DAAF4DD-4449-4B40-992C-44360F911851}
		{C64529CE-D6F6-47E7-B604-DFF72723E221} = {9DAAF4DD-4449-4B40-992C-44360F911851}
		{B1906B90-3E29-4C19-95AC-2F6B0FAEFF3D} = {9DAAF4DD-4449-4B40-992C-44360F911851}
		{E3D4D75F-7305-4D86-B28E-0B7693B4745F} = {E37069CA-66F8-4D38-B760-770A1855F270}
		{9822A26C-A621-4351-BFC8-CD4C7C613DB8} = {485C4539-9E63-469A-8628-F57FEF9A29CB}
		{6E1EA194-185A-43E6-9223-4E49C6A35377} = {485C4539-9E63-469A-8628-F57FEF9A29CB}
		{82663548-1ED0-4CE8-BBAE-7C720CC14656} = {485C4539-9E63-469A-8628-F57FEF9A29CB}
		{1C6E7A41-CB06-4069-8C86-1EE230ECDFE8} = {485C4539-9E63-469A-8628-F57FEF9A29CB}
		{FA2EF670-46EB-4BFD-B527-93B43913B0AD} = {9DAAF4DD-4449-4B40-992C-44360F911851}
	EndGlobalSection
EndGlobal
