
Microsoft Visual Studio Solution File, Format Version 12.00
Project("{FAE04EC0-301F-11D3-BF4B-00C04F79EFBC}") = "MultiTenant.API", "MultiTenant.API\MultiTenant.API.csproj", "{E3D4D75F-7305-4D86-B28E-0B7693B4745F}"
EndProject
Project("{2150E333-8FDC-42A3-9474-1A3956D46DE8}") = "Identity", "Identity", "{9DAAF4DD-4449-4B40-992C-44360F911851}"
EndProject
Project("{2150E333-8FDC-42A3-9474-1A3956D46DE8}") = "Kernel", "Kernel", "{485C4539-9E63-469A-8628-F57FEF9A29CB}"
EndProject
Global
	GlobalSection(SolutionConfigurationPlatforms) = preSolution
		Debug|Any CPU = Debug|Any CPU
		Release|Any CPU = Release|Any CPU
	EndGlobalSection
	GlobalSection(ProjectConfigurationPlatforms) = postSolution
		{E3D4D75F-7305-4D86-B28E-0B7693B4745F}.Debug|Any CPU.ActiveCfg = Debug|Any CPU
		{E3D4D75F-7305-4D86-B28E-0B7693B4745F}.Debug|Any CPU.Build.0 = Debug|Any CPU
		{E3D4D75F-7305-4D86-B28E-0B7693B4745F}.Release|Any CPU.ActiveCfg = Release|Any CPU
		{E3D4D75F-7305-4D86-B28E-0B7693B4745F}.Release|Any CPU.Build.0 = Release|Any CPU
	EndGlobalSection
EndGlobal
