
Microsoft Visual Studio Solution File, Format Version 12.00
Project("{2150E333-8FDC-42A3-9474-1A3956D46DE8}") = "Basics", "Basics", "{2B95E51D-7234-4359-BB05-FBA8A1349497}"
EndProject
Project("{FAE04EC0-301F-11D3-BF4B-00C04F79EFBC}") = "Producer", "Producer\Producer.csproj", "{457842CA-2519-4183-AED3-B2EDA4496F5B}"
EndProject
Project("{FAE04EC0-301F-11D3-BF4B-00C04F79EFBC}") = "Consumer", "Consumer\Consumer.csproj", "{576E07CD-BBA0-4A5D-A99C-790FA269F3BC}"
EndProject
Project("{2150E333-8FDC-42A3-9474-1A3956D46DE8}") = "Misc", "Misc", "{07BD7FA5-707C-4428-B2D2-215842630B0D}"
EndProject
Project("{FAE04EC0-301F-11D3-BF4B-00C04F79EFBC}") = "QueueBuilder", "QueueBuilder\QueueBuilder.csproj", "{A4028DA3-AA4B-4699-826F-1BF930E0A178}"
EndProject
Global
	GlobalSection(SolutionConfigurationPlatforms) = preSolution
		Debug|Any CPU = Debug|Any CPU
		Release|Any CPU = Release|Any CPU
	EndGlobalSection
	GlobalSection(NestedProjects) = preSolution
		{457842CA-2519-4183-AED3-B2EDA4496F5B} = {2B95E51D-7234-4359-BB05-FBA8A1349497}
		{576E07CD-BBA0-4A5D-A99C-790FA269F3BC} = {2B95E51D-7234-4359-BB05-FBA8A1349497}
		{A4028DA3-AA4B-4699-826F-1BF930E0A178} = {07BD7FA5-707C-4428-B2D2-215842630B0D}
	EndGlobalSection
	GlobalSection(ProjectConfigurationPlatforms) = postSolution
		{457842CA-2519-4183-AED3-B2EDA4496F5B}.Debug|Any CPU.ActiveCfg = Debug|Any CPU
		{457842CA-2519-4183-AED3-B2EDA4496F5B}.Debug|Any CPU.Build.0 = Debug|Any CPU
		{457842CA-2519-4183-AED3-B2EDA4496F5B}.Release|Any CPU.ActiveCfg = Release|Any CPU
		{457842CA-2519-4183-AED3-B2EDA4496F5B}.Release|Any CPU.Build.0 = Release|Any CPU
		{576E07CD-BBA0-4A5D-A99C-790FA269F3BC}.Debug|Any CPU.ActiveCfg = Debug|Any CPU
		{576E07CD-BBA0-4A5D-A99C-790FA269F3BC}.Debug|Any CPU.Build.0 = Debug|Any CPU
		{576E07CD-BBA0-4A5D-A99C-790FA269F3BC}.Release|Any CPU.ActiveCfg = Release|Any CPU
		{576E07CD-BBA0-4A5D-A99C-790FA269F3BC}.Release|Any CPU.Build.0 = Release|Any CPU
		{A4028DA3-AA4B-4699-826F-1BF930E0A178}.Debug|Any CPU.ActiveCfg = Debug|Any CPU
		{A4028DA3-AA4B-4699-826F-1BF930E0A178}.Debug|Any CPU.Build.0 = Debug|Any CPU
		{A4028DA3-AA4B-4699-826F-1BF930E0A178}.Release|Any CPU.ActiveCfg = Release|Any CPU
		{A4028DA3-AA4B-4699-826F-1BF930E0A178}.Release|Any CPU.Build.0 = Release|Any CPU
	EndGlobalSection
EndGlobal
