
Microsoft Visual Studio Solution File, Format Version 12.00
Project("{2150E333-8FDC-42A3-9474-1A3956D46DE8}") = "Basics", "Basics", "{2B95E51D-7234-4359-BB05-FBA8A1349497}"
EndProject
Project("{FAE04EC0-301F-11D3-BF4B-00C04F79EFBC}") = "Producer", "Producer\Producer.csproj", "{457842CA-2519-4183-AED3-B2EDA4496F5B}"
EndProject
Project("{FAE04EC0-301F-11D3-BF4B-00C04F79EFBC}") = "Consumer", "Consumer\Consumer.csproj", "{576E07CD-BBA0-4A5D-A99C-790FA269F3BC}"
EndProject
Project("{2150E333-8FDC-42A3-9474-1A3956D46DE8}") = "Misc", "Misc", "{07BD7FA5-707C-4428-B2D2-215842630B0D}"
EndProject
Project("{FAE04EC0-301F-11D3-BF4B-00C04F79EFBC}") = "QueueBuilder", "QueueBuilder\QueueBuilder.csproj", "{A4028DA3-AA4B-4699-826F-1BF930E0A178}"
EndProject
Project("{2150E333-8FDC-42A3-9474-1A3956D46DE8}") = "Pub/Sub", "Pub/Sub", "{76AC644B-9158-4E76-947F-14694DFEBEC4}"
EndProject
Project("{FAE04EC0-301F-11D3-BF4B-00C04F79EFBC}") = "Subscriber", "Subscriber\Subscriber.csproj", "{C51466CC-F451-4FCC-87D5-E8C17CF39F91}"
EndProject
Project("{FAE04EC0-301F-11D3-BF4B-00C04F79EFBC}") = "Publisher", "Publisher\Publisher.csproj", "{F5425C07-634D-407D-8373-9FD48513FF7F}"
EndProject
Project("{2150E333-8FDC-42A3-9474-1A3956D46DE8}") = "Routing", "Routing", "{42BCB4B1-A357-4D4A-B49B-E6205B2FA770}"
EndProject
Project("{FAE04EC0-301F-11D3-BF4B-00C04F79EFBC}") = "LogsPublisher", "Routing\LogsPublisher\LogsPublisher.csproj", "{D67F6479-C8AB-46BD-B888-9AD85EC2F872}"
EndProject
Project("{FAE04EC0-301F-11D3-BF4B-00C04F79EFBC}") = "ErrorConsumer", "Routing\ErrorConsumer\ErrorConsumer.csproj", "{23A85E51-6F44-4FC8-9639-6CCD8F0C1784}"
EndProject
Project("{FAE04EC0-301F-11D3-BF4B-00C04F79EFBC}") = "LogsConsumer", "Routing\LogsConsumer\LogsConsumer.csproj", "{1FC4C851-25BF-4DD9-8A38-217D3A9BB89E}"
EndProject
Global
	GlobalSection(SolutionConfigurationPlatforms) = preSolution
		Debug|Any CPU = Debug|Any CPU
		Release|Any CPU = Release|Any CPU
	EndGlobalSection
	GlobalSection(NestedProjects) = preSolution
		{457842CA-2519-4183-AED3-B2EDA4496F5B} = {2B95E51D-7234-4359-BB05-FBA8A1349497}
		{576E07CD-BBA0-4A5D-A99C-790FA269F3BC} = {2B95E51D-7234-4359-BB05-FBA8A1349497}
		{A4028DA3-AA4B-4699-826F-1BF930E0A178} = {07BD7FA5-707C-4428-B2D2-215842630B0D}
		{C51466CC-F451-4FCC-87D5-E8C17CF39F91} = {76AC644B-9158-4E76-947F-14694DFEBEC4}
		{F5425C07-634D-407D-8373-9FD48513FF7F} = {76AC644B-9158-4E76-947F-14694DFEBEC4}
		{D67F6479-C8AB-46BD-B888-9AD85EC2F872} = {42BCB4B1-A357-4D4A-B49B-E6205B2FA770}
		{23A85E51-6F44-4FC8-9639-6CCD8F0C1784} = {42BCB4B1-A357-4D4A-B49B-E6205B2FA770}
		{1FC4C851-25BF-4DD9-8A38-217D3A9BB89E} = {42BCB4B1-A357-4D4A-B49B-E6205B2FA770}
	EndGlobalSection
	GlobalSection(ProjectConfigurationPlatforms) = postSolution
		{457842CA-2519-4183-AED3-B2EDA4496F5B}.Debug|Any CPU.ActiveCfg = Debug|Any CPU
		{457842CA-2519-4183-AED3-B2EDA4496F5B}.Debug|Any CPU.Build.0 = Debug|Any CPU
		{457842CA-2519-4183-AED3-B2EDA4496F5B}.Release|Any CPU.ActiveCfg = Release|Any CPU
		{457842CA-2519-4183-AED3-B2EDA4496F5B}.Release|Any CPU.Build.0 = Release|Any CPU
		{576E07CD-BBA0-4A5D-A99C-790FA269F3BC}.Debug|Any CPU.ActiveCfg = Debug|Any CPU
		{576E07CD-BBA0-4A5D-A99C-790FA269F3BC}.Debug|Any CPU.Build.0 = Debug|Any CPU
		{576E07CD-BBA0-4A5D-A99C-790FA269F3BC}.Release|Any CPU.ActiveCfg = Release|Any CPU
		{576E07CD-BBA0-4A5D-A99C-790FA269F3BC}.Release|Any CPU.Build.0 = Release|Any CPU
		{A4028DA3-AA4B-4699-826F-1BF930E0A178}.Debug|Any CPU.ActiveCfg = Debug|Any CPU
		{A4028DA3-AA4B-4699-826F-1BF930E0A178}.Debug|Any CPU.Build.0 = Debug|Any CPU
		{A4028DA3-AA4B-4699-826F-1BF930E0A178}.Release|Any CPU.ActiveCfg = Release|Any CPU
		{A4028DA3-AA4B-4699-826F-1BF930E0A178}.Release|Any CPU.Build.0 = Release|Any CPU
		{C51466CC-F451-4FCC-87D5-E8C17CF39F91}.Debug|Any CPU.ActiveCfg = Debug|Any CPU
		{C51466CC-F451-4FCC-87D5-E8C17CF39F91}.Debug|Any CPU.Build.0 = Debug|Any CPU
		{C51466CC-F451-4FCC-87D5-E8C17CF39F91}.Release|Any CPU.ActiveCfg = Release|Any CPU
		{C51466CC-F451-4FCC-87D5-E8C17CF39F91}.Release|Any CPU.Build.0 = Release|Any CPU
		{F5425C07-634D-407D-8373-9FD48513FF7F}.Debug|Any CPU.ActiveCfg = Debug|Any CPU
		{F5425C07-634D-407D-8373-9FD48513FF7F}.Debug|Any CPU.Build.0 = Debug|Any CPU
		{F5425C07-634D-407D-8373-9FD48513FF7F}.Release|Any CPU.ActiveCfg = Release|Any CPU
		{F5425C07-634D-407D-8373-9FD48513FF7F}.Release|Any CPU.Build.0 = Release|Any CPU
		{D67F6479-C8AB-46BD-B888-9AD85EC2F872}.Debug|Any CPU.ActiveCfg = Debug|Any CPU
		{D67F6479-C8AB-46BD-B888-9AD85EC2F872}.Debug|Any CPU.Build.0 = Debug|Any CPU
		{D67F6479-C8AB-46BD-B888-9AD85EC2F872}.Release|Any CPU.ActiveCfg = Release|Any CPU
		{D67F6479-C8AB-46BD-B888-9AD85EC2F872}.Release|Any CPU.Build.0 = Release|Any CPU
		{23A85E51-6F44-4FC8-9639-6CCD8F0C1784}.Debug|Any CPU.ActiveCfg = Debug|Any CPU
		{23A85E51-6F44-4FC8-9639-6CCD8F0C1784}.Debug|Any CPU.Build.0 = Debug|Any CPU
		{23A85E51-6F44-4FC8-9639-6CCD8F0C1784}.Release|Any CPU.ActiveCfg = Release|Any CPU
		{23A85E51-6F44-4FC8-9639-6CCD8F0C1784}.Release|Any CPU.Build.0 = Release|Any CPU
		{1FC4C851-25BF-4DD9-8A38-217D3A9BB89E}.Debug|Any CPU.ActiveCfg = Debug|Any CPU
		{1FC4C851-25BF-4DD9-8A38-217D3A9BB89E}.Debug|Any CPU.Build.0 = Debug|Any CPU
		{1FC4C851-25BF-4DD9-8A38-217D3A9BB89E}.Release|Any CPU.ActiveCfg = Release|Any CPU
		{1FC4C851-25BF-4DD9-8A38-217D3A9BB89E}.Release|Any CPU.Build.0 = Release|Any CPU
	EndGlobalSection
EndGlobal
