
Microsoft Visual Studio Solution File, Format Version 12.00
# Visual Studio Version 17
VisualStudioVersion = 17.5.002.0
MinimumVisualStudioVersion = 10.0.40219.1
Project("{9A19103F-16F7-4668-BE54-9A1E7A4F7556}") = "eventsPractice", "eventsPractice.csproj", "{897DE8A3-C0C7-49F4-9734-1EA89B00858B}"
EndProject
Global
	GlobalSection(SolutionConfigurationPlatforms) = preSolution
		Debug|Any CPU = Debug|Any CPU
		Release|Any CPU = Release|Any CPU
	EndGlobalSection
	GlobalSection(ProjectConfigurationPlatforms) = postSolution
		{897DE8A3-C0C7-49F4-9734-1EA89B00858B}.Debug|Any CPU.ActiveCfg = Debug|Any CPU
		{897DE8A3-C0C7-49F4-9734-1EA89B00858B}.Debug|Any CPU.Build.0 = Debug|Any CPU
		{897DE8A3-C0C7-49F4-9734-1EA89B00858B}.Release|Any CPU.ActiveCfg = Release|Any CPU
		{897DE8A3-C0C7-49F4-9734-1EA89B00858B}.Release|Any CPU.Build.0 = Release|Any CPU
	EndGlobalSection
	GlobalSection(SolutionProperties) = preSolution
		HideSolutionNode = FALSE
	EndGlobalSection
	GlobalSection(ExtensibilityGlobals) = postSolution
		SolutionGuid = {A20141D9-21D6-4A4C-A519-BEF0FA5FE10F}
	EndGlobalSection
EndGlobal
