
Microsoft Visual Studio Solution File, Format Version 12.00
# Visual Studio Version 17
VisualStudioVersion = 17.8.34330.188
MinimumVisualStudioVersion = 10.0.40219.1
Project("{9A19103F-16F7-4668-BE54-9A1E7A4F7556}") = "Cashato.Server", "Cashato.Server\Cashato.Server.csproj", "{B55FC2E7-23A4-49F1-AD18-B212A83CAD89}"
EndProject
Project("{9A19103F-16F7-4668-BE54-9A1E7A4F7556}") = "Cashato.DB", "Cashato.DB\Cashato.DB.csproj", "{7EB639FC-C52F-44EF-A18E-3142F4899531}"
EndProject
Project("{9A19103F-16F7-4668-BE54-9A1E7A4F7556}") = "Cashato.Logging", "Cashato.Logging\Cashato.Logging.csproj", "{D4C1BF6B-9CB8-4135-96F8-9B8504D45846}"
EndProject
Project("{9A19103F-16F7-4668-BE54-9A1E7A4F7556}") = "Cashato.NoSqlDB", "Cashato.NoSqlDB\Cashato.NoSqlDB.csproj", "{1E2B3A7F-8BC9-47AA-BE6F-8766B99634B6}"
EndProject
Project("{FAE04EC0-301F-11D3-BF4B-00C04F79EFBC}") = "Cashato.Business", "Cashato.Business\Cashato.Business.csproj", "{B3055AF8-D0EB-40A5-8D97-7DE4E4394519}"
EndProject
Global
	GlobalSection(SolutionConfigurationPlatforms) = preSolution
		Debug|Any CPU = Debug|Any CPU
		Release|Any CPU = Release|Any CPU
	EndGlobalSection
	GlobalSection(ProjectConfigurationPlatforms) = postSolution
		{B55FC2E7-23A4-49F1-AD18-B212A83CAD89}.Debug|Any CPU.ActiveCfg = Debug|Any CPU
		{B55FC2E7-23A4-49F1-AD18-B212A83CAD89}.Debug|Any CPU.Build.0 = Debug|Any CPU
		{B55FC2E7-23A4-49F1-AD18-B212A83CAD89}.Release|Any CPU.ActiveCfg = Release|Any CPU
		{B55FC2E7-23A4-49F1-AD18-B212A83CAD89}.Release|Any CPU.Build.0 = Release|Any CPU
		{7EB639FC-C52F-44EF-A18E-3142F4899531}.Debug|Any CPU.ActiveCfg = Debug|Any CPU
		{7EB639FC-C52F-44EF-A18E-3142F4899531}.Debug|Any CPU.Build.0 = Debug|Any CPU
		{7EB639FC-C52F-44EF-A18E-3142F4899531}.Release|Any CPU.ActiveCfg = Release|Any CPU
		{7EB639FC-C52F-44EF-A18E-3142F4899531}.Release|Any CPU.Build.0 = Release|Any CPU
		{D4C1BF6B-9CB8-4135-96F8-9B8504D45846}.Debug|Any CPU.ActiveCfg = Debug|Any CPU
		{D4C1BF6B-9CB8-4135-96F8-9B8504D45846}.Debug|Any CPU.Build.0 = Debug|Any CPU
		{D4C1BF6B-9CB8-4135-96F8-9B8504D45846}.Release|Any CPU.ActiveCfg = Release|Any CPU
		{D4C1BF6B-9CB8-4135-96F8-9B8504D45846}.Release|Any CPU.Build.0 = Release|Any CPU
		{1E2B3A7F-8BC9-47AA-BE6F-8766B99634B6}.Debug|Any CPU.ActiveCfg = Debug|Any CPU
		{1E2B3A7F-8BC9-47AA-BE6F-8766B99634B6}.Debug|Any CPU.Build.0 = Debug|Any CPU
		{1E2B3A7F-8BC9-47AA-BE6F-8766B99634B6}.Release|Any CPU.ActiveCfg = Release|Any CPU
		{1E2B3A7F-8BC9-47AA-BE6F-8766B99634B6}.Release|Any CPU.Build.0 = Release|Any CPU
		{B3055AF8-D0EB-40A5-8D97-7DE4E4394519}.Debug|Any CPU.ActiveCfg = Debug|Any CPU
		{B3055AF8-D0EB-40A5-8D97-7DE4E4394519}.Debug|Any CPU.Build.0 = Debug|Any CPU
		{B3055AF8-D0EB-40A5-8D97-7DE4E4394519}.Release|Any CPU.ActiveCfg = Release|Any CPU
		{B3055AF8-D0EB-40A5-8D97-7DE4E4394519}.Release|Any CPU.Build.0 = Release|Any CPU
	EndGlobalSection
	GlobalSection(SolutionProperties) = preSolution
		HideSolutionNode = FALSE
	EndGlobalSection
	GlobalSection(ExtensibilityGlobals) = postSolution
		SolutionGuid = {2CE5F5C9-06CF-4E35-82B4-A7C24C615CED}
	EndGlobalSection
EndGlobal
