
Microsoft Visual Studio Solution File, Format Version 12.00
Project("{FAE04EC0-301F-11D3-BF4B-00C04F79EFBC}") = "WriteAPI", "WriteAPI\WriteAPI.csproj", "{8002F42D-6CE6-425C-944A-209AF858C801}"
EndProject
Project("{FAE04EC0-301F-11D3-BF4B-00C04F79EFBC}") = "ReaderAPI", "ReaderAPI\ReaderAPI.csproj", "{D9155253-BE2E-4C6A-9753-B20653D658FC}"
EndProject
Global
	GlobalSection(SolutionConfigurationPlatforms) = preSolution
		Debug|Any CPU = Debug|Any CPU
		Release|Any CPU = Release|Any CPU
	EndGlobalSection
	GlobalSection(ProjectConfigurationPlatforms) = postSolution
		{8002F42D-6CE6-425C-944A-209AF858C801}.Debug|Any CPU.ActiveCfg = Debug|Any CPU
		{8002F42D-6CE6-425C-944A-209AF858C801}.Debug|Any CPU.Build.0 = Debug|Any CPU
		{8002F42D-6CE6-425C-944A-209AF858C801}.Release|Any CPU.ActiveCfg = Release|Any CPU
		{8002F42D-6CE6-425C-944A-209AF858C801}.Release|Any CPU.Build.0 = Release|Any CPU
		{D9155253-BE2E-4C6A-9753-B20653D658FC}.Debug|Any CPU.ActiveCfg = Debug|Any CPU
		{D9155253-BE2E-4C6A-9753-B20653D658FC}.Debug|Any CPU.Build.0 = Debug|Any CPU
		{D9155253-BE2E-4C6A-9753-B20653D658FC}.Release|Any CPU.ActiveCfg = Release|Any CPU
		{D9155253-BE2E-4C6A-9753-B20653D658FC}.Release|Any CPU.Build.0 = Release|Any CPU
	EndGlobalSection
EndGlobal
