
Microsoft Visual Studio Solution File, Format Version 12.00
Project("{FAE04EC0-301F-11D3-BF4B-00C04F79EFBC}") = "Chat.Server", "Chat.Server\Chat.Server.csproj", "{35106D52-860C-4ADB-B776-04CEF940D885}"
EndProject
Project("{FAE04EC0-301F-11D3-BF4B-00C04F79EFBC}") = "Chat.Client", "Chat.Client\Chat.Client.csproj", "{4998EF55-9DB6-49D2-83A9-CB8E40D19587}"
EndProject
Project("{FAE04EC0-301F-11D3-BF4B-00C04F79EFBC}") = "Chat.Contract", "Chat.Contract\Chat.Contract.csproj", "{C13061E7-A74B-46B9-8E3E-7B616C7666B0}"
EndProject
Global
	GlobalSection(SolutionConfigurationPlatforms) = preSolution
		Debug|Any CPU = Debug|Any CPU
		Release|Any CPU = Release|Any CPU
	EndGlobalSection
	GlobalSection(ProjectConfigurationPlatforms) = postSolution
		{35106D52-860C-4ADB-B776-04CEF940D885}.Debug|Any CPU.ActiveCfg = Debug|Any CPU
		{35106D52-860C-4ADB-B776-04CEF940D885}.Debug|Any CPU.Build.0 = Debug|Any CPU
		{35106D52-860C-4ADB-B776-04CEF940D885}.Release|Any CPU.ActiveCfg = Release|Any CPU
		{35106D52-860C-4ADB-B776-04CEF940D885}.Release|Any CPU.Build.0 = Release|Any CPU
		{4998EF55-9DB6-49D2-83A9-CB8E40D19587}.Debug|Any CPU.ActiveCfg = Debug|Any CPU
		{4998EF55-9DB6-49D2-83A9-CB8E40D19587}.Debug|Any CPU.Build.0 = Debug|Any CPU
		{4998EF55-9DB6-49D2-83A9-CB8E40D19587}.Release|Any CPU.ActiveCfg = Release|Any CPU
		{4998EF55-9DB6-49D2-83A9-CB8E40D19587}.Release|Any CPU.Build.0 = Release|Any CPU
		{C13061E7-A74B-46B9-8E3E-7B616C7666B0}.Debug|Any CPU.ActiveCfg = Debug|Any CPU
		{C13061E7-A74B-46B9-8E3E-7B616C7666B0}.Debug|Any CPU.Build.0 = Debug|Any CPU
		{C13061E7-A74B-46B9-8E3E-7B616C7666B0}.Release|Any CPU.ActiveCfg = Release|Any CPU
		{C13061E7-A74B-46B9-8E3E-7B616C7666B0}.Release|Any CPU.Build.0 = Release|Any CPU
	EndGlobalSection
EndGlobal
